
Microsoft Visual Studio Solution File, Format Version 12.00
# Visual Studio 14
VisualStudioVersion = 14.0.25420.1
MinimumVisualStudioVersion = 10.0.40219.1
Project("{FAE04EC0-301F-11D3-BF4B-00C04F79EFBC}") = "Common", "Common\Common.csproj", "{980DBFE0-C5D7-4C8D-B69C-51833B7BB373}"
EndProject
Project("{FAE04EC0-301F-11D3-BF4B-00C04F79EFBC}") = "DropdownMultiSelect", "DropdownMultiSelect\DropdownMultiSelect.csproj", "{9CF482C9-164E-4052-86E1-A2D48F8F4693}"
EndProject
Project("{FAE04EC0-301F-11D3-BF4B-00C04F79EFBC}") = "ErrorService", "ErrorService\ErrorService.csproj", "{70651698-B645-4437-A64C-768873E24B2E}"
EndProject
Project("{FAE04EC0-301F-11D3-BF4B-00C04F79EFBC}") = "MyColorName", "MyColorName\MyColorName.csproj", "{94DC0738-C948-448C-8F42-170C329677F6}"
EndProject
Project("{FAE04EC0-301F-11D3-BF4B-00C04F79EFBC}") = "MyDataGridView", "MyDataGridView\MyDataGridView.csproj", "{FF013D50-25B7-4BAF-960D-05D6D6223978}"
EndProject
Project("{FAE04EC0-301F-11D3-BF4B-00C04F79EFBC}") = "MyLabelEx", "MyLabelEx\MyLabelEx.csproj", "{536B18C2-F0CC-4255-BADB-5000ABDC2E1E}"
EndProject
Project("{FAE04EC0-301F-11D3-BF4B-00C04F79EFBC}") = "MyTextBox", "MyTextBox\MyTextBox.csproj", "{3B82D2A8-FF5C-45EA-81DF-E513C30CD315}"
EndProject
Project("{FAE04EC0-301F-11D3-BF4B-00C04F79EFBC}") = "NumericBox", "NumericBox\NumericBox.csproj", "{B5EFEDCF-0E6B-49B5-903C-6A5B97AB5241}"
EndProject
Project("{FAE04EC0-301F-11D3-BF4B-00C04F79EFBC}") = "JpsOPC", "JpsOPC\JpsOPC.csproj", "{99161D4B-2D76-4242-9E91-B1CEF3DBDEBC}"
EndProject
Project("{FAE04EC0-301F-11D3-BF4B-00C04F79EFBC}") = "AutoPrint", "AutoPrint\AutoPrint.csproj", "{96237B2D-E1D7-4796-84FA-A711EB2AC755}"
EndProject
Project("{FAE04EC0-301F-11D3-BF4B-00C04F79EFBC}") = "HanJieOPC", "HanJieOPC\HanJieOPC.csproj", "{2BD67FE4-44E4-4839-A027-F513275CFF92}"
EndProject
Project("{FAE04EC0-301F-11D3-BF4B-00C04F79EFBC}") = "LuoLiuDianHan", "LuoLiuDianHan\LuoLiuDianHan.csproj", "{51AE42F1-091F-4481-9541-79D4F77669DD}"
EndProject
Project("{FAE04EC0-301F-11D3-BF4B-00C04F79EFBC}") = "LuoLiuCCD", "LuoLiuCCD\LuoLiuCCD.csproj", "{DF010F3F-F42C-4948-B219-92E606E069E7}"
EndProject
Project("{FAE04EC0-301F-11D3-BF4B-00C04F79EFBC}") = "BasicData", "BasicData\BasicData.csproj", "{7C7B6D2C-2EEF-42C0-AEBA-9BF63D12CEC3}"
EndProject
Project("{FAE04EC0-301F-11D3-BF4B-00C04F79EFBC}") = "LuoLiuMES", "LuoLiuMES\LuoLiuMES.csproj", "{54D91659-50D6-42FE-9161-38BCA726A23B}"
EndProject
Project("{FAE04EC0-301F-11D3-BF4B-00C04F79EFBC}") = "SysSetting", "SysSetting\SysSetting.csproj", "{3266BBB1-4C2F-4650-89DD-AC533445DDA6}"
EndProject
Project("{FAE04EC0-301F-11D3-BF4B-00C04F79EFBC}") = "UpdateERP", "UpdateERP\UpdateERP.csproj", "{A379ABA8-AF7D-4589-BCFD-C397CA5C2E6F}"
EndProject
Project("{FAE04EC0-301F-11D3-BF4B-00C04F79EFBC}") = "LuoLiuTesting", "LuoLiuTesting\LuoLiuTesting.csproj", "{A069DE9F-06B0-4A49-A92E-D7AA3977EB4D}"
EndProject
Project("{FAE04EC0-301F-11D3-BF4B-00C04F79EFBC}") = "LuoLiuMESPrinter", "LuoLiuMESPrinter\LuoLiuMESPrinter.csproj", "{28F7FE63-03A2-4EFB-9AB0-6822D63E2DFC}"
EndProject
Project("{FAE04EC0-301F-11D3-BF4B-00C04F79EFBC}") = "EleCardComposing", "EleCardComposing\EleCardComposing.csproj", "{7253FEBA-82E0-4F76-A513-79C8B057CC6F}"
EndProject
Project("{FAE04EC0-301F-11D3-BF4B-00C04F79EFBC}") = "LuoLiuPCBTest", "LuoLiuPCBTest\LuoLiuPCBTest.csproj", "{2BD58B98-3815-45AC-8C5E-EFD7CC87F6C2}"
EndProject
Project("{FAE04EC0-301F-11D3-BF4B-00C04F79EFBC}") = "LuoLiuAgingTest", "LuoLiuAgingTest\LuoLiuAgingTest.csproj", "{6B17078A-101E-4916-919B-7D3FFB572085}"
EndProject
Project("{FAE04EC0-301F-11D3-BF4B-00C04F79EFBC}") = "LuoLiuAirtightnessTest", "LuoLiuAirtightnessTest\LuoLiuAirtightnessTest.csproj", "{AA892FDA-273A-46C9-BFB4-B87E60817240}"
EndProject
Project("{FAE04EC0-301F-11D3-BF4B-00C04F79EFBC}") = "LuoLiuEOLTest", "LuoLiuEOLTest\LuoLiuEOLTest.csproj", "{5425898E-D1B8-4633-973A-F71EE542A7CF}"
EndProject
Global
	GlobalSection(SolutionConfigurationPlatforms) = preSolution
		Debug|Any CPU = Debug|Any CPU
		Release|Any CPU = Release|Any CPU
	EndGlobalSection
	GlobalSection(ProjectConfigurationPlatforms) = postSolution
		{980DBFE0-C5D7-4C8D-B69C-51833B7BB373}.Debug|Any CPU.ActiveCfg = Debug|Any CPU
		{980DBFE0-C5D7-4C8D-B69C-51833B7BB373}.Debug|Any CPU.Build.0 = Debug|Any CPU
		{980DBFE0-C5D7-4C8D-B69C-51833B7BB373}.Release|Any CPU.ActiveCfg = Release|Any CPU
		{980DBFE0-C5D7-4C8D-B69C-51833B7BB373}.Release|Any CPU.Build.0 = Release|Any CPU
		{9CF482C9-164E-4052-86E1-A2D48F8F4693}.Debug|Any CPU.ActiveCfg = Debug|Any CPU
		{9CF482C9-164E-4052-86E1-A2D48F8F4693}.Debug|Any CPU.Build.0 = Debug|Any CPU
		{9CF482C9-164E-4052-86E1-A2D48F8F4693}.Release|Any CPU.ActiveCfg = Release|Any CPU
		{9CF482C9-164E-4052-86E1-A2D48F8F4693}.Release|Any CPU.Build.0 = Release|Any CPU
		{70651698-B645-4437-A64C-768873E24B2E}.Debug|Any CPU.ActiveCfg = Debug|Any CPU
		{70651698-B645-4437-A64C-768873E24B2E}.Debug|Any CPU.Build.0 = Debug|Any CPU
		{70651698-B645-4437-A64C-768873E24B2E}.Release|Any CPU.ActiveCfg = Release|Any CPU
		{70651698-B645-4437-A64C-768873E24B2E}.Release|Any CPU.Build.0 = Release|Any CPU
		{94DC0738-C948-448C-8F42-170C329677F6}.Debug|Any CPU.ActiveCfg = Debug|Any CPU
		{94DC0738-C948-448C-8F42-170C329677F6}.Debug|Any CPU.Build.0 = Debug|Any CPU
		{94DC0738-C948-448C-8F42-170C329677F6}.Release|Any CPU.ActiveCfg = Release|Any CPU
		{94DC0738-C948-448C-8F42-170C329677F6}.Release|Any CPU.Build.0 = Release|Any CPU
		{FF013D50-25B7-4BAF-960D-05D6D6223978}.Debug|Any CPU.ActiveCfg = Debug|Any CPU
		{FF013D50-25B7-4BAF-960D-05D6D6223978}.Debug|Any CPU.Build.0 = Debug|Any CPU
		{FF013D50-25B7-4BAF-960D-05D6D6223978}.Release|Any CPU.ActiveCfg = Release|Any CPU
		{FF013D50-25B7-4BAF-960D-05D6D6223978}.Release|Any CPU.Build.0 = Release|Any CPU
		{536B18C2-F0CC-4255-BADB-5000ABDC2E1E}.Debug|Any CPU.ActiveCfg = Debug|Any CPU
		{536B18C2-F0CC-4255-BADB-5000ABDC2E1E}.Debug|Any CPU.Build.0 = Debug|Any CPU
		{536B18C2-F0CC-4255-BADB-5000ABDC2E1E}.Release|Any CPU.ActiveCfg = Release|Any CPU
		{536B18C2-F0CC-4255-BADB-5000ABDC2E1E}.Release|Any CPU.Build.0 = Release|Any CPU
		{3B82D2A8-FF5C-45EA-81DF-E513C30CD315}.Debug|Any CPU.ActiveCfg = Debug|Any CPU
		{3B82D2A8-FF5C-45EA-81DF-E513C30CD315}.Debug|Any CPU.Build.0 = Debug|Any CPU
		{3B82D2A8-FF5C-45EA-81DF-E513C30CD315}.Release|Any CPU.ActiveCfg = Release|Any CPU
		{3B82D2A8-FF5C-45EA-81DF-E513C30CD315}.Release|Any CPU.Build.0 = Release|Any CPU
		{B5EFEDCF-0E6B-49B5-903C-6A5B97AB5241}.Debug|Any CPU.ActiveCfg = Debug|Any CPU
		{B5EFEDCF-0E6B-49B5-903C-6A5B97AB5241}.Debug|Any CPU.Build.0 = Debug|Any CPU
		{B5EFEDCF-0E6B-49B5-903C-6A5B97AB5241}.Release|Any CPU.ActiveCfg = Release|Any CPU
		{B5EFEDCF-0E6B-49B5-903C-6A5B97AB5241}.Release|Any CPU.Build.0 = Release|Any CPU
		{99161D4B-2D76-4242-9E91-B1CEF3DBDEBC}.Debug|Any CPU.ActiveCfg = Debug|Any CPU
		{99161D4B-2D76-4242-9E91-B1CEF3DBDEBC}.Debug|Any CPU.Build.0 = Debug|Any CPU
		{99161D4B-2D76-4242-9E91-B1CEF3DBDEBC}.Release|Any CPU.ActiveCfg = Release|Any CPU
		{99161D4B-2D76-4242-9E91-B1CEF3DBDEBC}.Release|Any CPU.Build.0 = Release|Any CPU
		{96237B2D-E1D7-4796-84FA-A711EB2AC755}.Debug|Any CPU.ActiveCfg = Debug|Any CPU
		{96237B2D-E1D7-4796-84FA-A711EB2AC755}.Debug|Any CPU.Build.0 = Debug|Any CPU
		{96237B2D-E1D7-4796-84FA-A711EB2AC755}.Release|Any CPU.ActiveCfg = Release|Any CPU
		{96237B2D-E1D7-4796-84FA-A711EB2AC755}.Release|Any CPU.Build.0 = Release|Any CPU
		{2BD67FE4-44E4-4839-A027-F513275CFF92}.Debug|Any CPU.ActiveCfg = Debug|Any CPU
		{2BD67FE4-44E4-4839-A027-F513275CFF92}.Debug|Any CPU.Build.0 = Debug|Any CPU
		{2BD67FE4-44E4-4839-A027-F513275CFF92}.Release|Any CPU.ActiveCfg = Release|Any CPU
		{2BD67FE4-44E4-4839-A027-F513275CFF92}.Release|Any CPU.Build.0 = Release|Any CPU
		{51AE42F1-091F-4481-9541-79D4F77669DD}.Debug|Any CPU.ActiveCfg = Debug|Any CPU
		{51AE42F1-091F-4481-9541-79D4F77669DD}.Debug|Any CPU.Build.0 = Debug|Any CPU
		{51AE42F1-091F-4481-9541-79D4F77669DD}.Release|Any CPU.ActiveCfg = Release|Any CPU
		{51AE42F1-091F-4481-9541-79D4F77669DD}.Release|Any CPU.Build.0 = Release|Any CPU
		{DF010F3F-F42C-4948-B219-92E606E069E7}.Debug|Any CPU.ActiveCfg = Debug|Any CPU
		{DF010F3F-F42C-4948-B219-92E606E069E7}.Debug|Any CPU.Build.0 = Debug|Any CPU
		{DF010F3F-F42C-4948-B219-92E606E069E7}.Release|Any CPU.ActiveCfg = Release|Any CPU
		{DF010F3F-F42C-4948-B219-92E606E069E7}.Release|Any CPU.Build.0 = Release|Any CPU
		{7C7B6D2C-2EEF-42C0-AEBA-9BF63D12CEC3}.Debug|Any CPU.ActiveCfg = Debug|Any CPU
		{7C7B6D2C-2EEF-42C0-AEBA-9BF63D12CEC3}.Debug|Any CPU.Build.0 = Debug|Any CPU
		{7C7B6D2C-2EEF-42C0-AEBA-9BF63D12CEC3}.Release|Any CPU.ActiveCfg = Release|Any CPU
		{7C7B6D2C-2EEF-42C0-AEBA-9BF63D12CEC3}.Release|Any CPU.Build.0 = Release|Any CPU
		{54D91659-50D6-42FE-9161-38BCA726A23B}.Debug|Any CPU.ActiveCfg = Debug|Any CPU
		{54D91659-50D6-42FE-9161-38BCA726A23B}.Debug|Any CPU.Build.0 = Debug|Any CPU
		{54D91659-50D6-42FE-9161-38BCA726A23B}.Release|Any CPU.ActiveCfg = Release|Any CPU
		{54D91659-50D6-42FE-9161-38BCA726A23B}.Release|Any CPU.Build.0 = Release|Any CPU
		{3266BBB1-4C2F-4650-89DD-AC533445DDA6}.Debug|Any CPU.ActiveCfg = Debug|Any CPU
		{3266BBB1-4C2F-4650-89DD-AC533445DDA6}.Debug|Any CPU.Build.0 = Debug|Any CPU
		{3266BBB1-4C2F-4650-89DD-AC533445DDA6}.Release|Any CPU.ActiveCfg = Release|Any CPU
		{3266BBB1-4C2F-4650-89DD-AC533445DDA6}.Release|Any CPU.Build.0 = Release|Any CPU
		{A379ABA8-AF7D-4589-BCFD-C397CA5C2E6F}.Debug|Any CPU.ActiveCfg = Debug|Any CPU
		{A379ABA8-AF7D-4589-BCFD-C397CA5C2E6F}.Debug|Any CPU.Build.0 = Debug|Any CPU
		{A379ABA8-AF7D-4589-BCFD-C397CA5C2E6F}.Release|Any CPU.ActiveCfg = Release|Any CPU
		{A379ABA8-AF7D-4589-BCFD-C397CA5C2E6F}.Release|Any CPU.Build.0 = Release|Any CPU
		{A069DE9F-06B0-4A49-A92E-D7AA3977EB4D}.Debug|Any CPU.ActiveCfg = Debug|Any CPU
		{A069DE9F-06B0-4A49-A92E-D7AA3977EB4D}.Debug|Any CPU.Build.0 = Debug|Any CPU
		{A069DE9F-06B0-4A49-A92E-D7AA3977EB4D}.Release|Any CPU.ActiveCfg = Release|Any CPU
		{A069DE9F-06B0-4A49-A92E-D7AA3977EB4D}.Release|Any CPU.Build.0 = Release|Any CPU
		{28F7FE63-03A2-4EFB-9AB0-6822D63E2DFC}.Debug|Any CPU.ActiveCfg = Debug|Any CPU
		{28F7FE63-03A2-4EFB-9AB0-6822D63E2DFC}.Debug|Any CPU.Build.0 = Debug|Any CPU
		{28F7FE63-03A2-4EFB-9AB0-6822D63E2DFC}.Release|Any CPU.ActiveCfg = Release|Any CPU
		{28F7FE63-03A2-4EFB-9AB0-6822D63E2DFC}.Release|Any CPU.Build.0 = Release|Any CPU
		{7253FEBA-82E0-4F76-A513-79C8B057CC6F}.Debug|Any CPU.ActiveCfg = Debug|Any CPU
		{7253FEBA-82E0-4F76-A513-79C8B057CC6F}.Debug|Any CPU.Build.0 = Debug|Any CPU
		{7253FEBA-82E0-4F76-A513-79C8B057CC6F}.Release|Any CPU.ActiveCfg = Release|Any CPU
		{7253FEBA-82E0-4F76-A513-79C8B057CC6F}.Release|Any CPU.Build.0 = Release|Any CPU
		{2BD58B98-3815-45AC-8C5E-EFD7CC87F6C2}.Debug|Any CPU.ActiveCfg = Debug|Any CPU
		{2BD58B98-3815-45AC-8C5E-EFD7CC87F6C2}.Debug|Any CPU.Build.0 = Debug|Any CPU
		{2BD58B98-3815-45AC-8C5E-EFD7CC87F6C2}.Release|Any CPU.ActiveCfg = Release|Any CPU
		{2BD58B98-3815-45AC-8C5E-EFD7CC87F6C2}.Release|Any CPU.Build.0 = Release|Any CPU
		{6B17078A-101E-4916-919B-7D3FFB572085}.Debug|Any CPU.ActiveCfg = Debug|Any CPU
		{6B17078A-101E-4916-919B-7D3FFB572085}.Debug|Any CPU.Build.0 = Debug|Any CPU
		{6B17078A-101E-4916-919B-7D3FFB572085}.Release|Any CPU.ActiveCfg = Release|Any CPU
		{6B17078A-101E-4916-919B-7D3FFB572085}.Release|Any CPU.Build.0 = Release|Any CPU
		{AA892FDA-273A-46C9-BFB4-B87E60817240}.Debug|Any CPU.ActiveCfg = Debug|Any CPU
		{AA892FDA-273A-46C9-BFB4-B87E60817240}.Debug|Any CPU.Build.0 = Debug|Any CPU
		{AA892FDA-273A-46C9-BFB4-B87E60817240}.Release|Any CPU.ActiveCfg = Release|Any CPU
		{AA892FDA-273A-46C9-BFB4-B87E60817240}.Release|Any CPU.Build.0 = Release|Any CPU
		{5425898E-D1B8-4633-973A-F71EE542A7CF}.Debug|Any CPU.ActiveCfg = Debug|Any CPU
		{5425898E-D1B8-4633-973A-F71EE542A7CF}.Debug|Any CPU.Build.0 = Debug|Any CPU
		{5425898E-D1B8-4633-973A-F71EE542A7CF}.Release|Any CPU.ActiveCfg = Release|Any CPU
		{5425898E-D1B8-4633-973A-F71EE542A7CF}.Release|Any CPU.Build.0 = Release|Any CPU
	EndGlobalSection
	GlobalSection(SolutionProperties) = preSolution
		HideSolutionNode = FALSE
	EndGlobalSection
EndGlobal
